<Solution>
  <Folder Name="/src/">
    <Project Path="src/Oilgas.Hardware/Oilgas.Hardware.csproj" />
    <Project Path="src/Oilgas.DbWriter/Oilgas.DbWriter.csproj" />
    <Project Path="src/Oilgas.Model/Oilgas.Model.csproj" />
    <Project Path="src/Oilgas.SqlServer/Oilgas.SqlServer.csproj" />
    <Project Path="src/Oilgas.RawLog/Oilgas.RawLog.csproj" />
    <Project Path="src/Oilgas.WebTier/Oilgas.WebTier.csproj" />
    <Project Path="src/Oilgas.MqttToRabbitMq/Oilgas.MqttToRabbitMq.csproj" />
  </Folder>
</Solution>
