<Solution>
  <Folder Name="/src/">
    <Project Path="src/Oilgas.Hardware/Oilgas.Hardware.csproj" />
    <Project Path="src/Oilgas.RmqToDb/Oilgas.RmqToDb.csproj" />
    <Project Path="src/Oilgas.Model/Oilgas.Model.csproj" />
    <Project Path="src/Oilgas.Ef/Oilgas.Ef.csproj" />
    <Project Path="src/Oilgas.Ui/Oilgas.Ui.csproj" />
    <Project Path="src/Oilgas.MqttToRmq/Oilgas.MqttToRmq.csproj" />
  </Folder>
</Solution>
