<Solution>
  <Folder Name="/src/">
    <Project Path="src/Oleumetry.RabbitMq/Oleumetry.RabbitMq.csproj" />
    <Project Path="src/Oleumetry.Redis/Oleumetry.Redis.csproj" />
    <Project Path="src/Oleumetry.Hardware/Oleumetry.Hardware.csproj" />
    <Project Path="src/Oleumetry.UseCases/Oleumetry.UseCases.csproj" />
    <Project Path="src/Oleumetry.Contracts/Oleumetry.Contracts.csproj" />
    <Project Path="src/Oleumetry.Emqx/Oleumetry.Emqx.csproj" />
    <Project Path="src/Oleumetry.Model/Oleumetry.Model.csproj" />
    <Project Path="src/Oleumetry.Postgres/Oleumetry.Postgres.csproj" />
    <Project Path="src/Oleumetry.WebTier/Oleumetry.WebTier.csproj" />
    <Project Path="src/Oleumetry.WorkerTier/Oleumetry.WorkerTier.csproj" />
  </Folder>
</Solution>
